
Microsoft Visual Studio Solution File, Format Version 12.00
# Visual Studio Version 16
VisualStudioVersion = 16.0.31112.23
MinimumVisualStudioVersion = 10.0.40219.1
Project("{FAE04EC0-301F-11D3-BF4B-00C04F79EFBC}") = "CoffeeMachine", "CoffeeMachine\CoffeeMachine.csproj", "{B43ED868-B148-4932-B81D-8BDFDC61D053}"
EndProject
Global
	GlobalSection(SolutionConfigurationPlatforms) = preSolution
		Debug|Any CPU = Debug|Any CPU
		Release|Any CPU = Release|Any CPU
	EndGlobalSection
	GlobalSection(ProjectConfigurationPlatforms) = postSolution
		{B43ED868-B148-4932-B81D-8BDFDC61D053}.Debug|Any CPU.ActiveCfg = Debug|Any CPU
		{B43ED868-B148-4932-B81D-8BDFDC61D053}.Debug|Any CPU.Build.0 = Debug|Any CPU
		{B43ED868-B148-4932-B81D-8BDFDC61D053}.Release|Any CPU.ActiveCfg = Release|Any CPU
		{B43ED868-B148-4932-B81D-8BDFDC61D053}.Release|Any CPU.Build.0 = Release|Any CPU
	EndGlobalSection
	GlobalSection(SolutionProperties) = preSolution
		HideSolutionNode = FALSE
	EndGlobalSection
	GlobalSection(ExtensibilityGlobals) = postSolution
		SolutionGuid = {5D2B667A-18B1-47E2-95A6-1E883A9D7F4A}
	EndGlobalSection
EndGlobal
